// !$*UTF8*$!
{
	archiveVersion = 1;
	classes = {
	};
	objectVersion = 50;
	objects = {

/* Begin PBXBuildFile section */
		6B24C60D25B17DF50018A892 /* WordsMacOSApp.swift in Sources */ = {isa = PBXBuildFile; fileRef = 6B24C60C25B17DF50018A892 /* WordsMacOSApp.swift */; };
		6B24C60F25B17DF50018A892 /* ContentView.swift in Sources */ = {isa = PBXBuildFile; fileRef = 6B24C60E25B17DF50018A892 /* ContentView.swift */; };
		6B24C61425B17DF60018A892 /* Preview Assets.xcassets in Resources */ = {isa = PBXBuildFile; fileRef = 6B24C61325B17DF60018A892 /* Preview Assets.xcassets */; };
		6B24C61E25B17E890018A892 /* Letter.swift in Sources */ = {isa = PBXBuildFile; fileRef = 6B24C61D25B17E890018A892 /* Letter.swift */; };
		6B24C62225B17FFA0018A892 /* Assets.xcassets in Resources */ = {isa = PBXBuildFile; fileRef = 6B24C62125B17FFA0018A892 /* Assets.xcassets */; };
		6B24C62525B181550018A892 /* Bundle-WordLoading.swift in Sources */ = {isa = PBXBuildFile; fileRef = 6B24C62425B181550018A892 /* Bundle-WordLoading.swift */; };
		6B24C66525B1C5ED0018A892 /* GameNumber.swift in Sources */ = {isa = PBXBuildFile; fileRef = 6B24C66425B1C5ED0018A892 /* GameNumber.swift */; };
		6B24C66825B20AEB0018A892 /* ResetButton.swift in Sources */ = {isa = PBXBuildFile; fileRef = 6B24C66725B20AEB0018A892 /* ResetButton.swift */; };
/* End PBXBuildFile section */

/* Begin PBXFileReference section */
		6B24C60925B17DF50018A892 /* WordsMacOS.app */ = {isa = PBXFileReference; explicitFileType = wrapper.application; includeInIndex = 0; path = WordsMacOS.app; sourceTree = BUILT_PRODUCTS_DIR; };
		6B24C60C25B17DF50018A892 /* WordsMacOSApp.swift */ = {isa = PBXFileReference; lastKnownFileType = sourcecode.swift; path = WordsMacOSApp.swift; sourceTree = "<group>"; };
		6B24C60E25B17DF50018A892 /* ContentView.swift */ = {isa = PBXFileReference; lastKnownFileType = sourcecode.swift; path = ContentView.swift; sourceTree = "<group>"; };
		6B24C61325B17DF60018A892 /* Preview Assets.xcassets */ = {isa = PBXFileReference; lastKnownFileType = folder.assetcatalog; path = "Preview Assets.xcassets"; sourceTree = "<group>"; };
		6B24C61525B17DF60018A892 /* Info.plist */ = {isa = PBXFileReference; lastKnownFileType = text.plist.xml; path = Info.plist; sourceTree = "<group>"; };
		6B24C61625B17DF60018A892 /* WordsMacOS.entitlements */ = {isa = PBXFileReference; lastKnownFileType = text.plist.entitlements; path = WordsMacOS.entitlements; sourceTree = "<group>"; };
		6B24C61D25B17E890018A892 /* Letter.swift */ = {isa = PBXFileReference; lastKnownFileType = sourcecode.swift; path = Letter.swift; sourceTree = "<group>"; };
		6B24C62125B17FFA0018A892 /* Assets.xcassets */ = {isa = PBXFileReference; lastKnownFileType = folder.assetcatalog; path = Assets.xcassets; sourceTree = "<group>"; };
		6B24C62425B181550018A892 /* Bundle-WordLoading.swift */ = {isa = PBXFileReference; lastKnownFileType = sourcecode.swift; path = "Bundle-WordLoading.swift"; sourceTree = "<group>"; };
		6B24C66425B1C5ED0018A892 /* GameNumber.swift */ = {isa = PBXFileReference; lastKnownFileType = sourcecode.swift; path = GameNumber.swift; sourceTree = "<group>"; };
		6B24C66725B20AEB0018A892 /* ResetButton.swift */ = {isa = PBXFileReference; lastKnownFileType = sourcecode.swift; path = ResetButton.swift; sourceTree = "<group>"; };
/* End PBXFileReference section */

/* Begin PBXFrameworksBuildPhase section */
		6B24C60625B17DF50018A892 /* Frameworks */ = {
			isa = PBXFrameworksBuildPhase;
			buildActionMask = 2147483647;
			files = (
			);
			runOnlyForDeploymentPostprocessing = 0;
		};
/* End PBXFrameworksBuildPhase section */

/* Begin PBXGroup section */
		6B24C60025B17DF50018A892 = {
			isa = PBXGroup;
			children = (
				6B24C60B25B17DF50018A892 /* WordsMacOS */,
				6B24C60A25B17DF50018A892 /* Products */,
			);
			sourceTree = "<group>";
		};
		6B24C60A25B17DF50018A892 /* Products */ = {
			isa = PBXGroup;
			children = (
				6B24C60925B17DF50018A892 /* WordsMacOS.app */,
			);
			name = Products;
			sourceTree = "<group>";
		};
		6B24C60B25B17DF50018A892 /* WordsMacOS */ = {
			isa = PBXGroup;
			children = (
				6B24C60C25B17DF50018A892 /* WordsMacOSApp.swift */,
				6B24C60E25B17DF50018A892 /* ContentView.swift */,
				6B24C61D25B17E890018A892 /* Letter.swift */,
				6B24C61525B17DF60018A892 /* Info.plist */,
				6B24C61625B17DF60018A892 /* WordsMacOS.entitlements */,
				6B24C62125B17FFA0018A892 /* Assets.xcassets */,
				6B24C61225B17DF60018A892 /* Preview Content */,
				6B24C62425B181550018A892 /* Bundle-WordLoading.swift */,
				6B24C66425B1C5ED0018A892 /* GameNumber.swift */,
				6B24C66725B20AEB0018A892 /* ResetButton.swift */,
			);
			path = WordsMacOS;
			sourceTree = "<group>";
		};
		6B24C61225B17DF60018A892 /* Preview Content */ = {
			isa = PBXGroup;
			children = (
				6B24C61325B17DF60018A892 /* Preview Assets.xcassets */,
			);
			path = "Preview Content";
			sourceTree = "<group>";
		};
/* End PBXGroup section */

/* Begin PBXNativeTarget section */
		6B24C60825B17DF50018A892 /* WordsMacOS */ = {
			isa = PBXNativeTarget;
			buildConfigurationList = 6B24C61925B17DF60018A892 /* Build configuration list for PBXNativeTarget "WordsMacOS" */;
			buildPhases = (
				6B24C60525B17DF50018A892 /* Sources */,
				6B24C60625B17DF50018A892 /* Frameworks */,
				6B24C60725B17DF50018A892 /* Resources */,
			);
			buildRules = (
			);
			dependencies = (
			);
			name = WordsMacOS;
			productName = WordsMacOS;
			productReference = 6B24C60925B17DF50018A892 /* WordsMacOS.app */;
			productType = "com.apple.product-type.application";
		};
/* End PBXNativeTarget section */

/* Begin PBXProject section */
		6B24C60125B17DF50018A892 /* Project object */ = {
			isa = PBXProject;
			attributes = {
				LastSwiftUpdateCheck = 1230;
				LastUpgradeCheck = 1230;
				TargetAttributes = {
					6B24C60825B17DF50018A892 = {
						CreatedOnToolsVersion = 12.3;
					};
				};
			};
			buildConfigurationList = 6B24C60425B17DF50018A892 /* Build configuration list for PBXProject "WordsMacOS" */;
			compatibilityVersion = "Xcode 9.3";
			developmentRegion = en;
			hasScannedForEncodings = 0;
			knownRegions = (
				en,
				Base,
			);
			mainGroup = 6B24C60025B17DF50018A892;
			productRefGroup = 6B24C60A25B17DF50018A892 /* Products */;
			projectDirPath = "";
			projectRoot = "";
			targets = (
				6B24C60825B17DF50018A892 /* WordsMacOS */,
			);
		};
/* End PBXProject section */

/* Begin PBXResourcesBuildPhase section */
		6B24C60725B17DF50018A892 /* Resources */ = {
			isa = PBXResourcesBuildPhase;
			buildActionMask = 2147483647;
			files = (
				6B24C62225B17FFA0018A892 /* Assets.xcassets in Resources */,
				6B24C61425B17DF60018A892 /* Preview Assets.xcassets in Resources */,
			);
			runOnlyForDeploymentPostprocessing = 0;
		};
/* End PBXResourcesBuildPhase section */

/* Begin PBXSourcesBuildPhase section */
		6B24C60525B17DF50018A892 /* Sources */ = {
			isa = PBXSourcesBuildPhase;
			buildActionMask = 2147483647;
			files = (
				6B24C62525B181550018A892 /* Bundle-WordLoading.swift in Sources */,
				6B24C66825B20AEB0018A892 /* ResetButton.swift in Sources */,
				6B24C61E25B17E890018A892 /* Letter.swift in Sources */,
				6B24C60F25B17DF50018A892 /* ContentView.swift in Sources */,
				6B24C66525B1C5ED0018A892 /* GameNumber.swift in Sources */,
				6B24C60D25B17DF50018A892 /* WordsMacOSApp.swift in Sources */,
			);
			runOnlyForDeploymentPostprocessing = 0;
		};
/* End PBXSourcesBuildPhase section */

/* Begin XCBuildConfiguration section */
		6B24C61725B17DF60018A892 /* Debug */ = {
			isa = XCBuildConfiguration;
			buildSettings = {
				ALWAYS_SEARCH_USER_PATHS = NO;
				CLANG_ANALYZER_NONNULL = YES;
				CLANG_ANALYZER_NUMBER_OBJECT_CONVERSION = YES_AGGRESSIVE;
				CLANG_CXX_LANGUAGE_STANDARD = "gnu++14";
				CLANG_CXX_LIBRARY = "libc++";
				CLANG_ENABLE_MODULES = YES;
				CLANG_ENABLE_OBJC_ARC = YES;
				CLANG_ENABLE_OBJC_WEAK = YES;
				CLANG_WARN_BLOCK_CAPTURE_AUTORELEASING = YES;
				CLANG_WARN_BOOL_CONVERSION = YES;
				CLANG_WARN_COMMA = YES;
				CLANG_WARN_CONSTANT_CONVERSION = YES;
				CLANG_WARN_DEPRECATED_OBJC_IMPLEMENTATIONS = YES;
				CLANG_WARN_DIRECT_OBJC_ISA_USAGE = YES_ERROR;
				CLANG_WARN_DOCUMENTATION_COMMENTS = YES;
				CLANG_WARN_EMPTY_BODY = YES;
				CLANG_WARN_ENUM_CONVERSION = YES;
				CLANG_WARN_INFINITE_RECURSION = YES;
				CLANG_WARN_INT_CONVERSION = YES;
				CLANG_WARN_NON_LITERAL_NULL_CONVERSION = YES;
				CLANG_WARN_OBJC_IMPLICIT_RETAIN_SELF = YES;
				CLANG_WARN_OBJC_LITERAL_CONVERSION = YES;
				CLANG_WARN_OBJC_ROOT_CLASS = YES_ERROR;
				CLANG_WARN_QUOTED_INCLUDE_IN_FRAMEWORK_HEADER = YES;
				CLANG_WARN_RANGE_LOOP_ANALYSIS = YES;
				CLANG_WARN_STRICT_PROTOTYPES = YES;
				CLANG_WARN_SUSPICIOUS_MOVE = YES;
				CLANG_WARN_UNGUARDED_AVAILABILITY = YES_AGGRESSIVE;
				CLANG_WARN_UNREACHABLE_CODE = YES;
				CLANG_WARN__DUPLICATE_METHOD_MATCH = YES;
				COPY_PHASE_STRIP = NO;
				DEBUG_INFORMATION_FORMAT = dwarf;
				ENABLE_STRICT_OBJC_MSGSEND = YES;
				ENABLE_TESTABILITY = YES;
				GCC_C_LANGUAGE_STANDARD = gnu11;
				GCC_DYNAMIC_NO_PIC = NO;
				GCC_NO_COMMON_BLOCKS = YES;
				GCC_OPTIMIZATION_LEVEL = 0;
				GCC_PREPROCESSOR_DEFINITIONS = (
					"DEBUG=1",
					"$(inherited)",
				);
				GCC_WARN_64_TO_32_BIT_CONVERSION = YES;
				GCC_WARN_ABOUT_RETURN_TYPE = YES_ERROR;
				GCC_WARN_UNDECLARED_SELECTOR = YES;
				GCC_WARN_UNINITIALIZED_AUTOS = YES_AGGRESSIVE;
				GCC_WARN_UNUSED_FUNCTION = YES;
				GCC_WARN_UNUSED_VARIABLE = YES;
				MACOSX_DEPLOYMENT_TARGET = 11.0;
				MTL_ENABLE_DEBUG_INFO = INCLUDE_SOURCE;
				MTL_FAST_MATH = YES;
				ONLY_ACTIVE_ARCH = YES;
				SDKROOT = macosx;
				SWIFT_ACTIVE_COMPILATION_CONDITIONS = DEBUG;
				SWIFT_OPTIMIZATION_LEVEL = "-Onone";
			};
			name = Debug;
		};
		6B24C61825B17DF60018A892 /* Release */ = {
			isa = XCBuildConfiguration;
			buildSettings = {
				ALWAYS_SEARCH_USER_PATHS = NO;
				CLANG_ANALYZER_NONNULL = YES;
				CLANG_ANALYZER_NUMBER_OBJECT_CONVERSION = YES_AGGRESSIVE;
				CLANG_CXX_LANGUAGE_STANDARD = "gnu++14";
				CLANG_CXX_LIBRARY = "libc++";
				CLANG_ENABLE_MODULES = YES;
				CLANG_ENABLE_OBJC_ARC = YES;
				CLANG_ENABLE_OBJC_WEAK = YES;
				CLANG_WARN_BLOCK_CAPTURE_AUTORELEASING = YES;
				CLANG_WARN_BOOL_CONVERSION = YES;
				CLANG_WARN_COMMA = YES;
				CLANG_WARN_CONSTANT_CONVERSION = YES;
				CLANG_WARN_DEPRECATED_OBJC_IMPLEMENTATIONS = YES;
				CLANG_WARN_DIRECT_OBJC_ISA_USAGE = YES_ERROR;
				CLANG_WARN_DOCUMENTATION_COMMENTS = YES;
				CLANG_WARN_EMPTY_BODY = YES;
				CLANG_WARN_ENUM_CONVERSION = YES;
				CLANG_WARN_INFINITE_RECURSION = YES;
				CLANG_WARN_INT_CONVERSION = YES;
				CLANG_WARN_NON_LITERAL_NULL_CONVERSION = YES;
				CLANG_WARN_OBJC_IMPLICIT_RETAIN_SELF = YES;
				CLANG_WARN_OBJC_LITERAL_CONVERSION = YES;
				CLANG_WARN_OBJC_ROOT_CLASS = YES_ERROR;
				CLANG_WARN_QUOTED_INCLUDE_IN_FRAMEWORK_HEADER = YES;
				CLANG_WARN_RANGE_LOOP_ANALYSIS = YES;
				CLANG_WARN_STRICT_PROTOTYPES = YES;
				CLANG_WARN_SUSPICIOUS_MOVE = YES;
				CLANG_WARN_UNGUARDED_AVAILABILITY = YES_AGGRESSIVE;
				CLANG_WARN_UNREACHABLE_CODE = YES;
				CLANG_WARN__DUPLICATE_METHOD_MATCH = YES;
				COPY_PHASE_STRIP = NO;
				DEBUG_INFORMATION_FORMAT = "dwarf-with-dsym";
				ENABLE_NS_ASSERTIONS = NO;
				ENABLE_STRICT_OBJC_MSGSEND = YES;
				GCC_C_LANGUAGE_STANDARD = gnu11;
				GCC_NO_COMMON_BLOCKS = YES;
				GCC_WARN_64_TO_32_BIT_CONVERSION = YES;
				GCC_WARN_ABOUT_RETURN_TYPE = YES_ERROR;
				GCC_WARN_UNDECLARED_SELECTOR = YES;
				GCC_WARN_UNINITIALIZED_AUTOS = YES_AGGRESSIVE;
				GCC_WARN_UNUSED_FUNCTION = YES;
				GCC_WARN_UNUSED_VARIABLE = YES;
				MACOSX_DEPLOYMENT_TARGET = 11.0;
				MTL_ENABLE_DEBUG_INFO = NO;
				MTL_FAST_MATH = YES;
				SDKROOT = macosx;
				SWIFT_COMPILATION_MODE = wholemodule;
				SWIFT_OPTIMIZATION_LEVEL = "-O";
			};
			name = Release;
		};
		6B24C61A25B17DF60018A892 /* Debug */ = {
			isa = XCBuildConfiguration;
			buildSettings = {
				ASSETCATALOG_COMPILER_APPICON_NAME = AppIcon;
				ASSETCATALOG_COMPILER_GLOBAL_ACCENT_COLOR_NAME = AccentColor;
				CODE_SIGN_ENTITLEMENTS = WordsMacOS/WordsMacOS.entitlements;
				CODE_SIGN_STYLE = Automatic;
				COMBINE_HIDPI_IMAGES = YES;
				DEVELOPMENT_ASSET_PATHS = "\"WordsMacOS/Preview Content\"";
				DEVELOPMENT_TEAM = XWJ7U5B2BL;
				ENABLE_HARDENED_RUNTIME = YES;
				ENABLE_PREVIEWS = YES;
				INFOPLIST_FILE = WordsMacOS/Info.plist;
				LD_RUNPATH_SEARCH_PATHS = (
					"$(inherited)",
					"@executable_path/../Frameworks",
				);
				MACOSX_DEPLOYMENT_TARGET = 11.0;
				PRODUCT_BUNDLE_IDENTIFIER = ru.krakatoor.WordsMacOS;
				PRODUCT_NAME = "$(TARGET_NAME)";
				SWIFT_VERSION = 5.0;
			};
			name = Debug;
		};
		6B24C61B25B17DF60018A892 /* Release */ = {
			isa = XCBuildConfiguration;
			buildSettings = {
				ASSETCATALOG_COMPILER_APPICON_NAME = AppIcon;
				ASSETCATALOG_COMPILER_GLOBAL_ACCENT_COLOR_NAME = AccentColor;
				CODE_SIGN_ENTITLEMENTS = WordsMacOS/WordsMacOS.entitlements;
				CODE_SIGN_STYLE = Automatic;
				COMBINE_HIDPI_IMAGES = YES;
				DEVELOPMENT_ASSET_PATHS = "\"WordsMacOS/Preview Content\"";
				DEVELOPMENT_TEAM = XWJ7U5B2BL;
				ENABLE_HARDENED_RUNTIME = YES;
				ENABLE_PREVIEWS = YES;
				INFOPLIST_FILE = WordsMacOS/Info.plist;
				LD_RUNPATH_SEARCH_PATHS = (
					"$(inherited)",
					"@executable_path/../Frameworks",
				);
				MACOSX_DEPLOYMENT_TARGET = 11.0;
				PRODUCT_BUNDLE_IDENTIFIER = ru.krakatoor.WordsMacOS;
				PRODUCT_NAME = "$(TARGET_NAME)";
				SWIFT_VERSION = 5.0;
			};
			name = Release;
		};
/* End XCBuildConfiguration section */

/* Begin XCConfigurationList section */
		6B24C60425B17DF50018A892 /* Build configuration list for PBXProject "WordsMacOS" */ = {
			isa = XCConfigurationList;
			buildConfigurations = (
				6B24C61725B17DF60018A892 /* Debug */,
				6B24C61825B17DF60018A892 /* Release */,
			);
			defaultConfigurationIsVisible = 0;
			defaultConfigurationName = Release;
		};
		6B24C61925B17DF60018A892 /* Build configuration list for PBXNativeTarget "WordsMacOS" */ = {
			isa = XCConfigurationList;
			buildConfigurations = (
				6B24C61A25B17DF60018A892 /* Debug */,
				6B24C61B25B17DF60018A892 /* Release */,
			);
			defaultConfigurationIsVisible = 0;
			defaultConfigurationName = Release;
		};
/* End XCConfigurationList section */
	};
	rootObject = 6B24C60125B17DF50018A892 /* Project object */;
}
